// !$*UTF8*$!
{
	archiveVersion = 1;
	classes = {
	};
	objectVersion = 55;
	objects = {

/* Begin PBXBuildFile section */
		AC0CE592275BF02C000C0E12 /* DataMock.swift in Sources */ = {isa = PBXBuildFile; fileRef = AC0CE591275BF02C000C0E12 /* DataMock.swift */; };
		AC0CE594275BF274000C0E12 /* MyFlowersView.swift in Sources */ = {isa = PBXBuildFile; fileRef = AC0CE593275BF274000C0E12 /* MyFlowersView.swift */; };
		AC0CE597275BF49B000C0E12 /* CustomButton.swift in Sources */ = {isa = PBXBuildFile; fileRef = AC0CE596275BF49B000C0E12 /* CustomButton.swift */; };
		AC0CE599275BF764000C0E12 /* ButtonType.swift in Sources */ = {isa = PBXBuildFile; fileRef = AC0CE598275BF764000C0E12 /* ButtonType.swift */; };
		AC0CE59C275D0A58000C0E12 /* NavBarGradient.swift in Sources */ = {isa = PBXBuildFile; fileRef = AC0CE59B275D0A58000C0E12 /* NavBarGradient.swift */; };
		AC9C333427872DFF00BC3472 /* FlowerAddView.swift in Sources */ = {isa = PBXBuildFile; fileRef = AC9C333327872DFF00BC3472 /* FlowerAddView.swift */; };
		AC9C33362787359700BC3472 /* FlowerAddViewModel.swift in Sources */ = {isa = PBXBuildFile; fileRef = AC9C33352787359700BC3472 /* FlowerAddViewModel.swift */; };
		AC9C3C542753A90100D43BCE /* TabItemData.swift in Sources */ = {isa = PBXBuildFile; fileRef = AC9C3C532753A90100D43BCE /* TabItemData.swift */; };
		AC9C3C562753A93F00D43BCE /* TabItemView.swift in Sources */ = {isa = PBXBuildFile; fileRef = AC9C3C552753A93F00D43BCE /* TabItemView.swift */; };
		AC9C3C582753AC9100D43BCE /* TabBarView.swift in Sources */ = {isa = PBXBuildFile; fileRef = AC9C3C572753AC9100D43BCE /* TabBarView.swift */; };
		AC9C3C5B2754A34C00D43BCE /* CustomTabView.swift in Sources */ = {isa = PBXBuildFile; fileRef = AC9C3C5A2754A34C00D43BCE /* CustomTabView.swift */; };
		AC9C3C5E2754ACBD00D43BCE /* TabType.swift in Sources */ = {isa = PBXBuildFile; fileRef = AC9C3C5D2754ACBD00D43BCE /* TabType.swift */; };
		AC9C3C602754ADAA00D43BCE /* MainTabView.swift in Sources */ = {isa = PBXBuildFile; fileRef = AC9C3C5F2754ADAA00D43BCE /* MainTabView.swift */; };
		ACBB5595277F6A0700C2C654 /* Extensions.swift in Sources */ = {isa = PBXBuildFile; fileRef = ACBB5594277F6A0700C2C654 /* Extensions.swift */; };
		ACBB55972780996300C2C654 /* MyFlowersViewModel.swift in Sources */ = {isa = PBXBuildFile; fileRef = ACBB55962780996300C2C654 /* MyFlowersViewModel.swift */; };
		ACBB559A2780F9C400C2C654 /* FlowerDetailView.swift in Sources */ = {isa = PBXBuildFile; fileRef = ACBB55992780F9C400C2C654 /* FlowerDetailView.swift */; };
		ACD3AD3F274A51F500621FE9 /* Water_FlowersApp.swift in Sources */ = {isa = PBXBuildFile; fileRef = ACD3AD3E274A51F500621FE9 /* Water_FlowersApp.swift */; };
		ACD3AD43274A51F700621FE9 /* Assets.xcassets in Resources */ = {isa = PBXBuildFile; fileRef = ACD3AD42274A51F700621FE9 /* Assets.xcassets */; };
		ACD3AD46274A51F700621FE9 /* Preview Assets.xcassets in Resources */ = {isa = PBXBuildFile; fileRef = ACD3AD45274A51F700621FE9 /* Preview Assets.xcassets */; };
		ACD3AD57274A555400621FE9 /* WaterFlowersTabView.swift in Sources */ = {isa = PBXBuildFile; fileRef = ACD3AD56274A555400621FE9 /* WaterFlowersTabView.swift */; };
		ACD3AD5C274A59AA00621FE9 /* Localizable.strings in Resources */ = {isa = PBXBuildFile; fileRef = ACD3AD5E274A59AA00621FE9 /* Localizable.strings */; };
		ACD3AD64274ACD5A00621FE9 /* View+Extensions.swift in Sources */ = {isa = PBXBuildFile; fileRef = ACD3AD63274ACD5A00621FE9 /* View+Extensions.swift */; };
		ACFA0215277B73EF005A2C61 /* FlowerModel.swift in Sources */ = {isa = PBXBuildFile; fileRef = ACFA0214277B73EF005A2C61 /* FlowerModel.swift */; };
		ACFA0217277B763E005A2C61 /* FlowerCell.swift in Sources */ = {isa = PBXBuildFile; fileRef = ACFA0216277B763E005A2C61 /* FlowerCell.swift */; };
		ACFA021A277E52B8005A2C61 /* BlurView.swift in Sources */ = {isa = PBXBuildFile; fileRef = ACFA0219277E52B8005A2C61 /* BlurView.swift */; };
		ACFA021F277EF8B0005A2C61 /* Image+Extensions.swift in Sources */ = {isa = PBXBuildFile; fileRef = ACFA021E277EF8B0005A2C61 /* Image+Extensions.swift */; };
/* End PBXBuildFile section */

/* Begin PBXFileReference section */
		AC0CE591275BF02C000C0E12 /* DataMock.swift */ = {isa = PBXFileReference; lastKnownFileType = sourcecode.swift; path = DataMock.swift; sourceTree = "<group>"; };
		AC0CE593275BF274000C0E12 /* MyFlowersView.swift */ = {isa = PBXFileReference; lastKnownFileType = sourcecode.swift; path = MyFlowersView.swift; sourceTree = "<group>"; };
		AC0CE596275BF49B000C0E12 /* CustomButton.swift */ = {isa = PBXFileReference; lastKnownFileType = sourcecode.swift; path = CustomButton.swift; sourceTree = "<group>"; };
		AC0CE598275BF764000C0E12 /* ButtonType.swift */ = {isa = PBXFileReference; lastKnownFileType = sourcecode.swift; path = ButtonType.swift; sourceTree = "<group>"; };
		AC0CE59B275D0A58000C0E12 /* NavBarGradient.swift */ = {isa = PBXFileReference; lastKnownFileType = sourcecode.swift; path = NavBarGradient.swift; sourceTree = "<group>"; };
		AC9C333327872DFF00BC3472 /* FlowerAddView.swift */ = {isa = PBXFileReference; lastKnownFileType = sourcecode.swift; path = FlowerAddView.swift; sourceTree = "<group>"; };
		AC9C33352787359700BC3472 /* FlowerAddViewModel.swift */ = {isa = PBXFileReference; lastKnownFileType = sourcecode.swift; path = FlowerAddViewModel.swift; sourceTree = "<group>"; };
		AC9C3C532753A90100D43BCE /* TabItemData.swift */ = {isa = PBXFileReference; lastKnownFileType = sourcecode.swift; path = TabItemData.swift; sourceTree = "<group>"; };
		AC9C3C552753A93F00D43BCE /* TabItemView.swift */ = {isa = PBXFileReference; lastKnownFileType = sourcecode.swift; path = TabItemView.swift; sourceTree = "<group>"; };
		AC9C3C572753AC9100D43BCE /* TabBarView.swift */ = {isa = PBXFileReference; lastKnownFileType = sourcecode.swift; path = TabBarView.swift; sourceTree = "<group>"; };
		AC9C3C5A2754A34C00D43BCE /* CustomTabView.swift */ = {isa = PBXFileReference; lastKnownFileType = sourcecode.swift; path = CustomTabView.swift; sourceTree = "<group>"; };
		AC9C3C5D2754ACBD00D43BCE /* TabType.swift */ = {isa = PBXFileReference; lastKnownFileType = sourcecode.swift; path = TabType.swift; sourceTree = "<group>"; };
		AC9C3C5F2754ADAA00D43BCE /* MainTabView.swift */ = {isa = PBXFileReference; lastKnownFileType = sourcecode.swift; path = MainTabView.swift; sourceTree = "<group>"; };
		ACBB5594277F6A0700C2C654 /* Extensions.swift */ = {isa = PBXFileReference; lastKnownFileType = sourcecode.swift; path = Extensions.swift; sourceTree = "<group>"; };
		ACBB55962780996300C2C654 /* MyFlowersViewModel.swift */ = {isa = PBXFileReference; lastKnownFileType = sourcecode.swift; path = MyFlowersViewModel.swift; sourceTree = "<group>"; };
		ACBB55992780F9C400C2C654 /* FlowerDetailView.swift */ = {isa = PBXFileReference; lastKnownFileType = sourcecode.swift; path = FlowerDetailView.swift; sourceTree = "<group>"; };
		ACD3AD3B274A51F500621FE9 /* Water Flowers.app */ = {isa = PBXFileReference; explicitFileType = wrapper.application; includeInIndex = 0; path = "Water Flowers.app"; sourceTree = BUILT_PRODUCTS_DIR; };
		ACD3AD3E274A51F500621FE9 /* Water_FlowersApp.swift */ = {isa = PBXFileReference; lastKnownFileType = sourcecode.swift; path = Water_FlowersApp.swift; sourceTree = "<group>"; };
		ACD3AD42274A51F700621FE9 /* Assets.xcassets */ = {isa = PBXFileReference; lastKnownFileType = folder.assetcatalog; path = Assets.xcassets; sourceTree = "<group>"; };
		ACD3AD45274A51F700621FE9 /* Preview Assets.xcassets */ = {isa = PBXFileReference; lastKnownFileType = folder.assetcatalog; path = "Preview Assets.xcassets"; sourceTree = "<group>"; };
		ACD3AD56274A555400621FE9 /* WaterFlowersTabView.swift */ = {isa = PBXFileReference; lastKnownFileType = sourcecode.swift; path = WaterFlowersTabView.swift; sourceTree = "<group>"; };
		ACD3AD5D274A59AA00621FE9 /* en */ = {isa = PBXFileReference; lastKnownFileType = text.plist.strings; name = en; path = en.lproj/Localizable.strings; sourceTree = "<group>"; };
		ACD3AD60274A59D800621FE9 /* ru */ = {isa = PBXFileReference; lastKnownFileType = text.plist.strings; name = ru; path = ru.lproj/Localizable.strings; sourceTree = "<group>"; };
		ACD3AD63274ACD5A00621FE9 /* View+Extensions.swift */ = {isa = PBXFileReference; lastKnownFileType = sourcecode.swift; path = "View+Extensions.swift"; sourceTree = "<group>"; };
		ACFA0214277B73EF005A2C61 /* FlowerModel.swift */ = {isa = PBXFileReference; lastKnownFileType = sourcecode.swift; path = FlowerModel.swift; sourceTree = "<group>"; };
		ACFA0216277B763E005A2C61 /* FlowerCell.swift */ = {isa = PBXFileReference; lastKnownFileType = sourcecode.swift; path = FlowerCell.swift; sourceTree = "<group>"; };
		ACFA0219277E52B8005A2C61 /* BlurView.swift */ = {isa = PBXFileReference; lastKnownFileType = sourcecode.swift; path = BlurView.swift; sourceTree = "<group>"; };
		ACFA021E277EF8B0005A2C61 /* Image+Extensions.swift */ = {isa = PBXFileReference; lastKnownFileType = sourcecode.swift; path = "Image+Extensions.swift"; sourceTree = "<group>"; };
/* End PBXFileReference section */

/* Begin PBXFrameworksBuildPhase section */
		ACD3AD38274A51F500621FE9 /* Frameworks */ = {
			isa = PBXFrameworksBuildPhase;
			buildActionMask = 2147483647;
			files = (
			);
			runOnlyForDeploymentPostprocessing = 0;
		};
/* End PBXFrameworksBuildPhase section */

/* Begin PBXGroup section */
		AC0CE595275BF48B000C0E12 /* Buttons */ = {
			isa = PBXGroup;
			children = (
				AC0CE596275BF49B000C0E12 /* CustomButton.swift */,
				AC0CE598275BF764000C0E12 /* ButtonType.swift */,
			);
			path = Buttons;
			sourceTree = "<group>";
		};
		AC0CE59A275D0A32000C0E12 /* Colors And Gradients */ = {
			isa = PBXGroup;
			children = (
				AC0CE59B275D0A58000C0E12 /* NavBarGradient.swift */,
			);
			path = "Colors And Gradients";
			sourceTree = "<group>";
		};
		AC9C333227872DCB00BC3472 /* FlowerAdd */ = {
			isa = PBXGroup;
			children = (
				AC9C333327872DFF00BC3472 /* FlowerAddView.swift */,
				AC9C33352787359700BC3472 /* FlowerAddViewModel.swift */,
			);
			path = FlowerAdd;
			sourceTree = "<group>";
		};
		AC9C3C522753A8D200D43BCE /* TabBarView */ = {
			isa = PBXGroup;
			children = (
				AC9C3C532753A90100D43BCE /* TabItemData.swift */,
				AC9C3C572753AC9100D43BCE /* TabBarView.swift */,
				AC9C3C552753A93F00D43BCE /* TabItemView.swift */,
			);
			path = TabBarView;
			sourceTree = "<group>";
		};
		AC9C3C5C2754ACA700D43BCE /* CustomTabView */ = {
			isa = PBXGroup;
			children = (
				AC9C3C5A2754A34C00D43BCE /* CustomTabView.swift */,
				AC9C3C5F2754ADAA00D43BCE /* MainTabView.swift */,
				AC9C3C5D2754ACBD00D43BCE /* TabType.swift */,
			);
			path = CustomTabView;
			sourceTree = "<group>";
		};
		ACBB55982780F99400C2C654 /* FlowerDetail */ = {
			isa = PBXGroup;
			children = (
				ACBB55992780F9C400C2C654 /* FlowerDetailView.swift */,
			);
			path = FlowerDetail;
			sourceTree = "<group>";
		};
		ACD3AD32274A51F500621FE9 = {
			isa = PBXGroup;
			children = (
				ACD3AD3D274A51F500621FE9 /* Water Flowers */,
				ACD3AD3C274A51F500621FE9 /* Products */,
			);
			sourceTree = "<group>";
		};
		ACD3AD3C274A51F500621FE9 /* Products */ = {
			isa = PBXGroup;
			children = (
				ACD3AD3B274A51F500621FE9 /* Water Flowers.app */,
			);
			name = Products;
			sourceTree = "<group>";
		};
		ACD3AD3D274A51F500621FE9 /* Water Flowers */ = {
			isa = PBXGroup;
			children = (
				ACD3AD55274A534900621FE9 /* Components */,
				ACD3AD54274A52FD00621FE9 /* Model */,
				ACD3AD4C274A524D00621FE9 /* Screens */,
				ACD3AD3E274A51F500621FE9 /* Water_FlowersApp.swift */,
				ACD3AD56274A555400621FE9 /* WaterFlowersTabView.swift */,
				ACD3AD5E274A59AA00621FE9 /* Localizable.strings */,
				ACD3AD42274A51F700621FE9 /* Assets.xcassets */,
				ACD3AD44274A51F700621FE9 /* Preview Content */,
			);
			path = "Water Flowers";
			sourceTree = "<group>";
		};
		ACD3AD44274A51F700621FE9 /* Preview Content */ = {
			isa = PBXGroup;
			children = (
				ACD3AD45274A51F700621FE9 /* Preview Assets.xcassets */,
				AC0CE591275BF02C000C0E12 /* DataMock.swift */,
			);
			path = "Preview Content";
			sourceTree = "<group>";
		};
		ACD3AD4C274A524D00621FE9 /* Screens */ = {
			isa = PBXGroup;
			children = (
				AC9C333227872DCB00BC3472 /* FlowerAdd */,
				ACBB55982780F99400C2C654 /* FlowerDetail */,
				AC9C3C5C2754ACA700D43BCE /* CustomTabView */,
				ACD3AD4D274A525900621FE9 /* MyFlowers */,
			);
			path = Screens;
			sourceTree = "<group>";
		};
		ACD3AD4D274A525900621FE9 /* MyFlowers */ = {
			isa = PBXGroup;
			children = (
				AC0CE593275BF274000C0E12 /* MyFlowersView.swift */,
				ACBB55962780996300C2C654 /* MyFlowersViewModel.swift */,
				ACFA0216277B763E005A2C61 /* FlowerCell.swift */,
			);
			path = MyFlowers;
			sourceTree = "<group>";
		};
		ACD3AD54274A52FD00621FE9 /* Model */ = {
			isa = PBXGroup;
			children = (
				ACFA0214277B73EF005A2C61 /* FlowerModel.swift */,
			);
			path = Model;
			sourceTree = "<group>";
		};
		ACD3AD55274A534900621FE9 /* Components */ = {
			isa = PBXGroup;
			children = (
				ACFA0218277E52A1005A2C61 /* Views */,
				AC0CE59A275D0A32000C0E12 /* Colors And Gradients */,
				AC0CE595275BF48B000C0E12 /* Buttons */,
				AC9C3C522753A8D200D43BCE /* TabBarView */,
				ACD3AD63274ACD5A00621FE9 /* View+Extensions.swift */,
				ACFA021E277EF8B0005A2C61 /* Image+Extensions.swift */,
				ACBB5594277F6A0700C2C654 /* Extensions.swift */,
			);
			path = Components;
			sourceTree = "<group>";
		};
		ACFA0218277E52A1005A2C61 /* Views */ = {
			isa = PBXGroup;
			children = (
				ACFA0219277E52B8005A2C61 /* BlurView.swift */,
			);
			path = Views;
			sourceTree = "<group>";
		};
/* End PBXGroup section */

/* Begin PBXNativeTarget section */
		ACD3AD3A274A51F500621FE9 /* Water Flowers */ = {
			isa = PBXNativeTarget;
			buildConfigurationList = ACD3AD49274A51F700621FE9 /* Build configuration list for PBXNativeTarget "Water Flowers" */;
			buildPhases = (
				ACD3AD37274A51F500621FE9 /* Sources */,
				ACD3AD38274A51F500621FE9 /* Frameworks */,
				ACD3AD39274A51F500621FE9 /* Resources */,
			);
			buildRules = (
			);
			dependencies = (
			);
			name = "Water Flowers";
			packageProductDependencies = (
			);
			productName = "Water Flowers";
			productReference = ACD3AD3B274A51F500621FE9 /* Water Flowers.app */;
			productType = "com.apple.product-type.application";
		};
/* End PBXNativeTarget section */

/* Begin PBXProject section */
		ACD3AD33274A51F500621FE9 /* Project object */ = {
			isa = PBXProject;
			attributes = {
				BuildIndependentTargetsInParallel = 1;
				LastSwiftUpdateCheck = 1310;
				LastUpgradeCheck = 1310;
				TargetAttributes = {
					ACD3AD3A274A51F500621FE9 = {
						CreatedOnToolsVersion = 13.1;
					};
				};
			};
			buildConfigurationList = ACD3AD36274A51F500621FE9 /* Build configuration list for PBXProject "Water Flowers" */;
			compatibilityVersion = "Xcode 13.0";
			developmentRegion = en;
			hasScannedForEncodings = 0;
			knownRegions = (
				en,
				Base,
				ru,
			);
			mainGroup = ACD3AD32274A51F500621FE9;
			packageReferences = (
			);
			productRefGroup = ACD3AD3C274A51F500621FE9 /* Products */;
			projectDirPath = "";
			projectRoot = "";
			targets = (
				ACD3AD3A274A51F500621FE9 /* Water Flowers */,
			);
		};
/* End PBXProject section */

/* Begin PBXResourcesBuildPhase section */
		ACD3AD39274A51F500621FE9 /* Resources */ = {
			isa = PBXResourcesBuildPhase;
			buildActionMask = 2147483647;
			files = (
				ACD3AD46274A51F700621FE9 /* Preview Assets.xcassets in Resources */,
				ACD3AD5C274A59AA00621FE9 /* Localizable.strings in Resources */,
				ACD3AD43274A51F700621FE9 /* Assets.xcassets in Resources */,
			);
			runOnlyForDeploymentPostprocessing = 0;
		};
/* End PBXResourcesBuildPhase section */

/* Begin PBXSourcesBuildPhase section */
		ACD3AD37274A51F500621FE9 /* Sources */ = {
			isa = PBXSourcesBuildPhase;
			buildActionMask = 2147483647;
			files = (
				ACD3AD3F274A51F500621FE9 /* Water_FlowersApp.swift in Sources */,
				AC0CE599275BF764000C0E12 /* ButtonType.swift in Sources */,
				AC0CE594275BF274000C0E12 /* MyFlowersView.swift in Sources */,
				ACBB55972780996300C2C654 /* MyFlowersViewModel.swift in Sources */,
				AC9C3C582753AC9100D43BCE /* TabBarView.swift in Sources */,
				AC9C333427872DFF00BC3472 /* FlowerAddView.swift in Sources */,
				ACFA0215277B73EF005A2C61 /* FlowerModel.swift in Sources */,
				AC0CE597275BF49B000C0E12 /* CustomButton.swift in Sources */,
				AC0CE59C275D0A58000C0E12 /* NavBarGradient.swift in Sources */,
				ACBB5595277F6A0700C2C654 /* Extensions.swift in Sources */,
				AC0CE592275BF02C000C0E12 /* DataMock.swift in Sources */,
				AC9C3C542753A90100D43BCE /* TabItemData.swift in Sources */,
				ACFA021F277EF8B0005A2C61 /* Image+Extensions.swift in Sources */,
				AC9C3C562753A93F00D43BCE /* TabItemView.swift in Sources */,
				ACFA0217277B763E005A2C61 /* FlowerCell.swift in Sources */,
				AC9C3C5B2754A34C00D43BCE /* CustomTabView.swift in Sources */,
				AC9C3C5E2754ACBD00D43BCE /* TabType.swift in Sources */,
				ACFA021A277E52B8005A2C61 /* BlurView.swift in Sources */,
				ACD3AD64274ACD5A00621FE9 /* View+Extensions.swift in Sources */,
				AC9C33362787359700BC3472 /* FlowerAddViewModel.swift in Sources */,
				ACD3AD57274A555400621FE9 /* WaterFlowersTabView.swift in Sources */,
				AC9C3C602754ADAA00D43BCE /* MainTabView.swift in Sources */,
				ACBB559A2780F9C400C2C654 /* FlowerDetailView.swift in Sources */,
			);
			runOnlyForDeploymentPostprocessing = 0;
		};
/* End PBXSourcesBuildPhase section */

/* Begin PBXVariantGroup section */
		ACD3AD5E274A59AA00621FE9 /* Localizable.strings */ = {
			isa = PBXVariantGroup;
			children = (
				ACD3AD5D274A59AA00621FE9 /* en */,
				ACD3AD60274A59D800621FE9 /* ru */,
			);
			name = Localizable.strings;
			sourceTree = "<group>";
		};
/* End PBXVariantGroup section */

/* Begin XCBuildConfiguration section */
		ACD3AD47274A51F700621FE9 /* Debug */ = {
			isa = XCBuildConfiguration;
			buildSettings = {
				ALWAYS_SEARCH_USER_PATHS = NO;
				CLANG_ANALYZER_NONNULL = YES;
				CLANG_ANALYZER_NUMBER_OBJECT_CONVERSION = YES_AGGRESSIVE;
				CLANG_CXX_LANGUAGE_STANDARD = "gnu++17";
				CLANG_CXX_LIBRARY = "libc++";
				CLANG_ENABLE_MODULES = YES;
				CLANG_ENABLE_OBJC_ARC = YES;
				CLANG_ENABLE_OBJC_WEAK = YES;
				CLANG_WARN_BLOCK_CAPTURE_AUTORELEASING = YES;
				CLANG_WARN_BOOL_CONVERSION = YES;
				CLANG_WARN_COMMA = YES;
				CLANG_WARN_CONSTANT_CONVERSION = YES;
				CLANG_WARN_DEPRECATED_OBJC_IMPLEMENTATIONS = YES;
				CLANG_WARN_DIRECT_OBJC_ISA_USAGE = YES_ERROR;
				CLANG_WARN_DOCUMENTATION_COMMENTS = YES;
				CLANG_WARN_EMPTY_BODY = YES;
				CLANG_WARN_ENUM_CONVERSION = YES;
				CLANG_WARN_INFINITE_RECURSION = YES;
				CLANG_WARN_INT_CONVERSION = YES;
				CLANG_WARN_NON_LITERAL_NULL_CONVERSION = YES;
				CLANG_WARN_OBJC_IMPLICIT_RETAIN_SELF = YES;
				CLANG_WARN_OBJC_LITERAL_CONVERSION = YES;
				CLANG_WARN_OBJC_ROOT_CLASS = YES_ERROR;
				CLANG_WARN_QUOTED_INCLUDE_IN_FRAMEWORK_HEADER = YES;
				CLANG_WARN_RANGE_LOOP_ANALYSIS = YES;
				CLANG_WARN_STRICT_PROTOTYPES = YES;
				CLANG_WARN_SUSPICIOUS_MOVE = YES;
				CLANG_WARN_UNGUARDED_AVAILABILITY = YES_AGGRESSIVE;
				CLANG_WARN_UNREACHABLE_CODE = YES;
				CLANG_WARN__DUPLICATE_METHOD_MATCH = YES;
				COPY_PHASE_STRIP = NO;
				DEBUG_INFORMATION_FORMAT = dwarf;
				ENABLE_STRICT_OBJC_MSGSEND = YES;
				ENABLE_TESTABILITY = YES;
				GCC_C_LANGUAGE_STANDARD = gnu11;
				GCC_DYNAMIC_NO_PIC = NO;
				GCC_NO_COMMON_BLOCKS = YES;
				GCC_OPTIMIZATION_LEVEL = 0;
				GCC_PREPROCESSOR_DEFINITIONS = (
					"DEBUG=1",
					"$(inherited)",
				);
				GCC_WARN_64_TO_32_BIT_CONVERSION = YES;
				GCC_WARN_ABOUT_RETURN_TYPE = YES_ERROR;
				GCC_WARN_UNDECLARED_SELECTOR = YES;
				GCC_WARN_UNINITIALIZED_AUTOS = YES_AGGRESSIVE;
				GCC_WARN_UNUSED_FUNCTION = YES;
				GCC_WARN_UNUSED_VARIABLE = YES;
				IPHONEOS_DEPLOYMENT_TARGET = 15.0;
				MTL_ENABLE_DEBUG_INFO = INCLUDE_SOURCE;
				MTL_FAST_MATH = YES;
				ONLY_ACTIVE_ARCH = YES;
				SDKROOT = iphoneos;
				SWIFT_ACTIVE_COMPILATION_CONDITIONS = DEBUG;
				SWIFT_OPTIMIZATION_LEVEL = "-Onone";
			};
			name = Debug;
		};
		ACD3AD48274A51F700621FE9 /* Release */ = {
			isa = XCBuildConfiguration;
			buildSettings = {
				ALWAYS_SEARCH_USER_PATHS = NO;
				CLANG_ANALYZER_NONNULL = YES;
				CLANG_ANALYZER_NUMBER_OBJECT_CONVERSION = YES_AGGRESSIVE;
				CLANG_CXX_LANGUAGE_STANDARD = "gnu++17";
				CLANG_CXX_LIBRARY = "libc++";
				CLANG_ENABLE_MODULES = YES;
				CLANG_ENABLE_OBJC_ARC = YES;
				CLANG_ENABLE_OBJC_WEAK = YES;
				CLANG_WARN_BLOCK_CAPTURE_AUTORELEASING = YES;
				CLANG_WARN_BOOL_CONVERSION = YES;
				CLANG_WARN_COMMA = YES;
				CLANG_WARN_CONSTANT_CONVERSION = YES;
				CLANG_WARN_DEPRECATED_OBJC_IMPLEMENTATIONS = YES;
				CLANG_WARN_DIRECT_OBJC_ISA_USAGE = YES_ERROR;
				CLANG_WARN_DOCUMENTATION_COMMENTS = YES;
				CLANG_WARN_EMPTY_BODY = YES;
				CLANG_WARN_ENUM_CONVERSION = YES;
				CLANG_WARN_INFINITE_RECURSION = YES;
				CLANG_WARN_INT_CONVERSION = YES;
				CLANG_WARN_NON_LITERAL_NULL_CONVERSION = YES;
				CLANG_WARN_OBJC_IMPLICIT_RETAIN_SELF = YES;
				CLANG_WARN_OBJC_LITERAL_CONVERSION = YES;
				CLANG_WARN_OBJC_ROOT_CLASS = YES_ERROR;
				CLANG_WARN_QUOTED_INCLUDE_IN_FRAMEWORK_HEADER = YES;
				CLANG_WARN_RANGE_LOOP_ANALYSIS = YES;
				CLANG_WARN_STRICT_PROTOTYPES = YES;
				CLANG_WARN_SUSPICIOUS_MOVE = YES;
				CLANG_WARN_UNGUARDED_AVAILABILITY = YES_AGGRESSIVE;
				CLANG_WARN_UNREACHABLE_CODE = YES;
				CLANG_WARN__DUPLICATE_METHOD_MATCH = YES;
				COPY_PHASE_STRIP = NO;
				DEBUG_INFORMATION_FORMAT = "dwarf-with-dsym";
				ENABLE_NS_ASSERTIONS = NO;
				ENABLE_STRICT_OBJC_MSGSEND = YES;
				GCC_C_LANGUAGE_STANDARD = gnu11;
				GCC_NO_COMMON_BLOCKS = YES;
				GCC_WARN_64_TO_32_BIT_CONVERSION = YES;
				GCC_WARN_ABOUT_RETURN_TYPE = YES_ERROR;
				GCC_WARN_UNDECLARED_SELECTOR = YES;
				GCC_WARN_UNINITIALIZED_AUTOS = YES_AGGRESSIVE;
				GCC_WARN_UNUSED_FUNCTION = YES;
				GCC_WARN_UNUSED_VARIABLE = YES;
				IPHONEOS_DEPLOYMENT_TARGET = 15.0;
				MTL_ENABLE_DEBUG_INFO = NO;
				MTL_FAST_MATH = YES;
				SDKROOT = iphoneos;
				SWIFT_COMPILATION_MODE = wholemodule;
				SWIFT_OPTIMIZATION_LEVEL = "-O";
				VALIDATE_PRODUCT = YES;
			};
			name = Release;
		};
		ACD3AD4A274A51F700621FE9 /* Debug */ = {
			isa = XCBuildConfiguration;
			buildSettings = {
				ASSETCATALOG_COMPILER_APPICON_NAME = AppIcon;
				ASSETCATALOG_COMPILER_GLOBAL_ACCENT_COLOR_NAME = AccentColor;
				CODE_SIGN_STYLE = Automatic;
				CURRENT_PROJECT_VERSION = 1;
				DEVELOPMENT_ASSET_PATHS = "\"Water Flowers/Preview Content\"";
				DEVELOPMENT_TEAM = 494K398CRH;
				ENABLE_PREVIEWS = YES;
				GENERATE_INFOPLIST_FILE = YES;
				INFOPLIST_KEY_UIApplicationSceneManifest_Generation = YES;
				INFOPLIST_KEY_UIApplicationSupportsIndirectInputEvents = YES;
				INFOPLIST_KEY_UILaunchScreen_Generation = YES;
				INFOPLIST_KEY_UISupportedInterfaceOrientations_iPad = "UIInterfaceOrientationPortrait UIInterfaceOrientationPortraitUpsideDown UIInterfaceOrientationLandscapeLeft UIInterfaceOrientationLandscapeRight";
				INFOPLIST_KEY_UISupportedInterfaceOrientations_iPhone = "UIInterfaceOrientationPortrait UIInterfaceOrientationLandscapeLeft UIInterfaceOrientationLandscapeRight";
				LD_RUNPATH_SEARCH_PATHS = (
					"$(inherited)",
					"@executable_path/Frameworks",
				);
				MARKETING_VERSION = 1.0;
				PRODUCT_BUNDLE_IDENTIFIER = "vsBondarev.Water-Flowers";
				PRODUCT_NAME = "$(TARGET_NAME)";
				SWIFT_EMIT_LOC_STRINGS = YES;
				SWIFT_VERSION = 5.0;
				TARGETED_DEVICE_FAMILY = "1,2";
			};
			name = Debug;
		};
		ACD3AD4B274A51F700621FE9 /* Release */ = {
			isa = XCBuildConfiguration;
			buildSettings = {
				ASSETCATALOG_COMPILER_APPICON_NAME = AppIcon;
				ASSETCATALOG_COMPILER_GLOBAL_ACCENT_COLOR_NAME = AccentColor;
				CODE_SIGN_STYLE = Automatic;
				CURRENT_PROJECT_VERSION = 1;
				DEVELOPMENT_ASSET_PATHS = "\"Water Flowers/Preview Content\"";
				DEVELOPMENT_TEAM = 494K398CRH;
				ENABLE_PREVIEWS = YES;
				GENERATE_INFOPLIST_FILE = YES;
				INFOPLIST_KEY_UIApplicationSceneManifest_Generation = YES;
				INFOPLIST_KEY_UIApplicationSupportsIndirectInputEvents = YES;
				INFOPLIST_KEY_UILaunchScreen_Generation = YES;
				INFOPLIST_KEY_UISupportedInterfaceOrientations_iPad = "UIInterfaceOrientationPortrait UIInterfaceOrientationPortraitUpsideDown UIInterfaceOrientationLandscapeLeft UIInterfaceOrientationLandscapeRight";
				INFOPLIST_KEY_UISupportedInterfaceOrientations_iPhone = "UIInterfaceOrientationPortrait UIInterfaceOrientationLandscapeLeft UIInterfaceOrientationLandscapeRight";
				LD_RUNPATH_SEARCH_PATHS = (
					"$(inherited)",
					"@executable_path/Frameworks",
				);
				MARKETING_VERSION = 1.0;
				PRODUCT_BUNDLE_IDENTIFIER = "vsBondarev.Water-Flowers";
				PRODUCT_NAME = "$(TARGET_NAME)";
				SWIFT_EMIT_LOC_STRINGS = YES;
				SWIFT_VERSION = 5.0;
				TARGETED_DEVICE_FAMILY = "1,2";
			};
			name = Release;
		};
/* End XCBuildConfiguration section */

/* Begin XCConfigurationList section */
		ACD3AD36274A51F500621FE9 /* Build configuration list for PBXProject "Water Flowers" */ = {
			isa = XCConfigurationList;
			buildConfigurations = (
				ACD3AD47274A51F700621FE9 /* Debug */,
				ACD3AD48274A51F700621FE9 /* Release */,
			);
			defaultConfigurationIsVisible = 0;
			defaultConfigurationName = Release;
		};
		ACD3AD49274A51F700621FE9 /* Build configuration list for PBXNativeTarget "Water Flowers" */ = {
			isa = XCConfigurationList;
			buildConfigurations = (
				ACD3AD4A274A51F700621FE9 /* Debug */,
				ACD3AD4B274A51F700621FE9 /* Release */,
			);
			defaultConfigurationIsVisible = 0;
			defaultConfigurationName = Release;
		};
/* End XCConfigurationList section */
	};
	rootObject = ACD3AD33274A51F500621FE9 /* Project object */;
}
